
Microsoft Visual Studio Solution File, Format Version 12.00
# Visual Studio Version 16
VisualStudioVersion = 16.0.28803.352
MinimumVisualStudioVersion = 10.0.40219.1
Project("{8BC9CEB8-8B4A-11D0-8D11-00A0C91BC942}") = "framework", "Framework\Framework.vcxproj", "{C0F31E66-9BE9-4349-B2F9-5E7B688F9BA2}"
EndProject
Project("{8BC9CEB8-8B4A-11D0-8D11-00A0C91BC942}") = "framework.tests", "Framework.Tests\Framework.Tests.vcxproj", "{90D32B55-E4F4-411B-BE09-DAD05571A753}"
	ProjectSection(ProjectDependencies) = postProject
		{C0F31E66-9BE9-4349-B2F9-5E7B688F9BA2} = {C0F31E66-9BE9-4349-B2F9-5E7B688F9BA2}
	EndProjectSection
EndProject
Project("{2150E333-8FDC-42A3-9474-1A3956D46DE8}") = "framework", "framework", "{0B6F11C6-56A7-49F9-8D7C-31AA9CFA3BB7}"
EndProject
Project("{2150E333-8FDC-42A3-9474-1A3956D46DE8}") = "languages", "languages", "{BD46B825-617E-4243-A2E3-B1E8E412D3AD}"
EndProject
Project("{2150E333-8FDC-42A3-9474-1A3956D46DE8}") = "tests", "tests", "{F98C9EE3-A7A4-4EC9-B0A4-8288FA54FF39}"
EndProject
Project("{8BC9CEB8-8B4A-11D0-8D11-00A0C91BC942}") = "java", "java\java.vcxproj", "{3D475878-F0CB-4301-B52C-91DBEF03B3F6}"
	ProjectSection(ProjectDependencies) = postProject
		{C0F31E66-9BE9-4349-B2F9-5E7B688F9BA2} = {C0F31E66-9BE9-4349-B2F9-5E7B688F9BA2}
	EndProjectSection
EndProject
Project("{2150E333-8FDC-42A3-9474-1A3956D46DE8}") = "applications", "applications", "{DDE42F19-D75A-4BE5-A7AA-4F344C33D8FB}"
EndProject
Project("{2150E333-8FDC-42A3-9474-1A3956D46DE8}") = "java", "java", "{116AEC08-1C9F-4C13-AAF5-0649E5D6A290}"
EndProject
Project("{8BC9CEB8-8B4A-11D0-8D11-00A0C91BC942}") = "java.app", "java.app\java.app.vcxproj", "{21C1BD54-ED00-4CC0-ADE2-B839A9DEF1E6}"
	ProjectSection(ProjectDependencies) = postProject
		{C0F31E66-9BE9-4349-B2F9-5E7B688F9BA2} = {C0F31E66-9BE9-4349-B2F9-5E7B688F9BA2}
		{3D475878-F0CB-4301-B52C-91DBEF03B3F6} = {3D475878-F0CB-4301-B52C-91DBEF03B3F6}
	EndProjectSection
EndProject
Project("{8BC9CEB8-8B4A-11D0-8D11-00A0C91BC942}") = "arcturus", "arcturus\arcturus.vcxproj", "{F0641911-1131-4178-B9D5-01F32347DB6F}"
EndProject
Global
	GlobalSection(SolutionConfigurationPlatforms) = preSolution
		Debug|x64 = Debug|x64
		Debug|x86 = Debug|x86
		Release|x64 = Release|x64
		Release|x86 = Release|x86
	EndGlobalSection
	GlobalSection(ProjectConfigurationPlatforms) = postSolution
		{C0F31E66-9BE9-4349-B2F9-5E7B688F9BA2}.Debug|x64.ActiveCfg = Debug|x64
		{C0F31E66-9BE9-4349-B2F9-5E7B688F9BA2}.Debug|x64.Build.0 = Debug|x64
		{C0F31E66-9BE9-4349-B2F9-5E7B688F9BA2}.Debug|x86.ActiveCfg = Debug|Win32
		{C0F31E66-9BE9-4349-B2F9-5E7B688F9BA2}.Debug|x86.Build.0 = Debug|Win32
		{C0F31E66-9BE9-4349-B2F9-5E7B688F9BA2}.Release|x64.ActiveCfg = Release|x64
		{C0F31E66-9BE9-4349-B2F9-5E7B688F9BA2}.Release|x64.Build.0 = Release|x64
		{C0F31E66-9BE9-4349-B2F9-5E7B688F9BA2}.Release|x86.ActiveCfg = Release|Win32
		{C0F31E66-9BE9-4349-B2F9-5E7B688F9BA2}.Release|x86.Build.0 = Release|Win32
		{90D32B55-E4F4-411B-BE09-DAD05571A753}.Debug|x64.ActiveCfg = Debug|x64
		{90D32B55-E4F4-411B-BE09-DAD05571A753}.Debug|x64.Build.0 = Debug|x64
		{90D32B55-E4F4-411B-BE09-DAD05571A753}.Debug|x86.ActiveCfg = Debug|Win32
		{90D32B55-E4F4-411B-BE09-DAD05571A753}.Debug|x86.Build.0 = Debug|Win32
		{90D32B55-E4F4-411B-BE09-DAD05571A753}.Release|x64.ActiveCfg = Release|x64
		{90D32B55-E4F4-411B-BE09-DAD05571A753}.Release|x64.Build.0 = Release|x64
		{90D32B55-E4F4-411B-BE09-DAD05571A753}.Release|x86.ActiveCfg = Release|Win32
		{90D32B55-E4F4-411B-BE09-DAD05571A753}.Release|x86.Build.0 = Release|Win32
		{3D475878-F0CB-4301-B52C-91DBEF03B3F6}.Debug|x64.ActiveCfg = Debug|x64
		{3D475878-F0CB-4301-B52C-91DBEF03B3F6}.Debug|x64.Build.0 = Debug|x64
		{3D475878-F0CB-4301-B52C-91DBEF03B3F6}.Debug|x86.ActiveCfg = Debug|Win32
		{3D475878-F0CB-4301-B52C-91DBEF03B3F6}.Debug|x86.Build.0 = Debug|Win32
		{3D475878-F0CB-4301-B52C-91DBEF03B3F6}.Release|x64.ActiveCfg = Release|x64
		{3D475878-F0CB-4301-B52C-91DBEF03B3F6}.Release|x64.Build.0 = Release|x64
		{3D475878-F0CB-4301-B52C-91DBEF03B3F6}.Release|x86.ActiveCfg = Release|Win32
		{3D475878-F0CB-4301-B52C-91DBEF03B3F6}.Release|x86.Build.0 = Release|Win32
		{21C1BD54-ED00-4CC0-ADE2-B839A9DEF1E6}.Debug|x64.ActiveCfg = Debug|x64
		{21C1BD54-ED00-4CC0-ADE2-B839A9DEF1E6}.Debug|x64.Build.0 = Debug|x64
		{21C1BD54-ED00-4CC0-ADE2-B839A9DEF1E6}.Debug|x86.ActiveCfg = Debug|Win32
		{21C1BD54-ED00-4CC0-ADE2-B839A9DEF1E6}.Debug|x86.Build.0 = Debug|Win32
		{21C1BD54-ED00-4CC0-ADE2-B839A9DEF1E6}.Release|x64.ActiveCfg = Release|x64
		{21C1BD54-ED00-4CC0-ADE2-B839A9DEF1E6}.Release|x64.Build.0 = Release|x64
		{21C1BD54-ED00-4CC0-ADE2-B839A9DEF1E6}.Release|x86.ActiveCfg = Release|Win32
		{21C1BD54-ED00-4CC0-ADE2-B839A9DEF1E6}.Release|x86.Build.0 = Release|Win32
		{F0641911-1131-4178-B9D5-01F32347DB6F}.Debug|x64.ActiveCfg = Debug|x64
		{F0641911-1131-4178-B9D5-01F32347DB6F}.Debug|x64.Build.0 = Debug|x64
		{F0641911-1131-4178-B9D5-01F32347DB6F}.Debug|x86.ActiveCfg = Debug|Win32
		{F0641911-1131-4178-B9D5-01F32347DB6F}.Debug|x86.Build.0 = Debug|Win32
		{F0641911-1131-4178-B9D5-01F32347DB6F}.Release|x64.ActiveCfg = Release|x64
		{F0641911-1131-4178-B9D5-01F32347DB6F}.Release|x64.Build.0 = Release|x64
		{F0641911-1131-4178-B9D5-01F32347DB6F}.Release|x86.ActiveCfg = Release|Win32
		{F0641911-1131-4178-B9D5-01F32347DB6F}.Release|x86.Build.0 = Release|Win32
	EndGlobalSection
	GlobalSection(SolutionProperties) = preSolution
		HideSolutionNode = FALSE
	EndGlobalSection
	GlobalSection(NestedProjects) = preSolution
		{C0F31E66-9BE9-4349-B2F9-5E7B688F9BA2} = {0B6F11C6-56A7-49F9-8D7C-31AA9CFA3BB7}
		{90D32B55-E4F4-411B-BE09-DAD05571A753} = {F98C9EE3-A7A4-4EC9-B0A4-8288FA54FF39}
		{3D475878-F0CB-4301-B52C-91DBEF03B3F6} = {BD46B825-617E-4243-A2E3-B1E8E412D3AD}
		{116AEC08-1C9F-4C13-AAF5-0649E5D6A290} = {DDE42F19-D75A-4BE5-A7AA-4F344C33D8FB}
		{21C1BD54-ED00-4CC0-ADE2-B839A9DEF1E6} = {116AEC08-1C9F-4C13-AAF5-0649E5D6A290}
		{F0641911-1131-4178-B9D5-01F32347DB6F} = {BD46B825-617E-4243-A2E3-B1E8E412D3AD}
	EndGlobalSection
	GlobalSection(ExtensibilityGlobals) = postSolution
		SolutionGuid = {FD190192-E168-423D-9992-C9CF4D32B39E}
	EndGlobalSection
EndGlobal
